
Microsoft Visual Studio Solution File, Format Version 12.00
# Visual Studio 14
VisualStudioVersion = 14.0.25420.1
MinimumVisualStudioVersion = 10.0.40219.1
Project("{FAE04EC0-301F-11D3-BF4B-00C04F79EFBC}") = "w0", "w0\w0.csproj", "{24D090CB-991E-4331-9638-56812F1F1813}"
EndProject
Global
	GlobalSection(SolutionConfigurationPlatforms) = preSolution
		Debug|Any CPU = Debug|Any CPU
		Release|Any CPU = Release|Any CPU
	EndGlobalSection
	GlobalSection(ProjectConfigurationPlatforms) = postSolution
		{24D090CB-991E-4331-9638-56812F1F1813}.Debug|Any CPU.ActiveCfg = Debug|Any CPU
		{24D090CB-991E-4331-9638-56812F1F1813}.Debug|Any CPU.Build.0 = Debug|Any CPU
		{24D090CB-991E-4331-9638-56812F1F1813}.Release|Any CPU.ActiveCfg = Release|Any CPU
		{24D090CB-991E-4331-9638-56812F1F1813}.Release|Any CPU.Build.0 = Release|Any CPU
	EndGlobalSection
	GlobalSection(SolutionProperties) = preSolution
		HideSolutionNode = FALSE
	EndGlobalSection
EndGlobal
