
Microsoft Visual Studio Solution File, Format Version 12.00
# Visual Studio 15
VisualStudioVersion = 15.0.26730.12
MinimumVisualStudioVersion = 10.0.40219.1
Project("{888888A0-9F3D-457C-B088-3A5042F75D52}") = "l0", "l0\l0.pyproj", "{CCC70F64-1FFF-49BF-B543-DCCA69738D9C}"
EndProject
Global
	GlobalSection(SolutionConfigurationPlatforms) = preSolution
		Debug|Any CPU = Debug|Any CPU
		Release|Any CPU = Release|Any CPU
	EndGlobalSection
	GlobalSection(ProjectConfigurationPlatforms) = postSolution
		{CCC70F64-1FFF-49BF-B543-DCCA69738D9C}.Debug|Any CPU.ActiveCfg = Debug|Any CPU
		{CCC70F64-1FFF-49BF-B543-DCCA69738D9C}.Release|Any CPU.ActiveCfg = Release|Any CPU
	EndGlobalSection
	GlobalSection(SolutionProperties) = preSolution
		HideSolutionNode = FALSE
	EndGlobalSection
	GlobalSection(ExtensibilityGlobals) = postSolution
		SolutionGuid = {3D237A16-F1BB-41B2-88D1-3A73D13147AC}
	EndGlobalSection
EndGlobal
